
Microsoft Visual Studio Solution File, Format Version 12.00
# Visual Studio Version 16
VisualStudioVersion = 16.0.29806.167
MinimumVisualStudioVersion = 10.0.40219.1
Project("{FAE04EC0-301F-11D3-BF4B-00C04F79EFBC}") = "Ui.Server", "Ui\Server\Ui.Server.csproj", "{A82087E8-9B8D-4F67-9CDE-333A74DA8080}"
EndProject
Project("{FAE04EC0-301F-11D3-BF4B-00C04F79EFBC}") = "Ui.Client", "Ui\Client\Ui.Client.csproj", "{89937B1E-DBF2-49C7-A339-9AF303657F93}"
EndProject
Project("{FAE04EC0-301F-11D3-BF4B-00C04F79EFBC}") = "Ui.Shared", "Ui\Shared\Ui.Shared.csproj", "{480ABC12-56A1-40F7-8F93-486DE68D6716}"
EndProject
Project("{2150E333-8FDC-42A3-9474-1A3956D46DE8}") = "Agents", "Agents", "{012B10D5-316D-4753-9F79-37F5A1F6FE27}"
EndProject
Project("{FAE04EC0-301F-11D3-BF4B-00C04F79EFBC}") = "AgentLoader", "Agents\AgentLoader\AgentLoader.csproj", "{94A42D20-9A05-4DD8-BED8-1C9A0252B27E}"
EndProject
Project("{FAE04EC0-301F-11D3-BF4B-00C04F79EFBC}") = "TestConsole", "TestConsole\TestConsole.csproj", "{5C3DB2B0-045F-455F-9579-ECBC7873673E}"
EndProject
Project("{FAE04EC0-301F-11D3-BF4B-00C04F79EFBC}") = "Agent.Abstract", "Agents\Agent.Abstract\Agent.Abstract.csproj", "{78E2E65C-48DA-478E-8B10-BF8216AD20A3}"
EndProject
Project("{FAE04EC0-301F-11D3-BF4B-00C04F79EFBC}") = "TestAgent", "Agents\TestAgent\TestAgent.csproj", "{D2415A9E-33F0-48F2-A26A-EF4A2FE0B9EB}"
EndProject
Project("{FAE04EC0-301F-11D3-BF4B-00C04F79EFBC}") = "ConnectionAnalyzerAgent", "Agents\ConnectionAnalyzerAgent\ConnectionAnalyzerAgent.csproj", "{911BEB3F-E665-4B71-8DAC-14B745272988}"
EndProject
Project("{FAE04EC0-301F-11D3-BF4B-00C04F79EFBC}") = "Transport.Abstraction", "Agents\Transport.Abstraction\Transport.Abstraction.csproj", "{A35FAECB-C3B0-4500-9DC7-FD6C6A3CFEFB}"
EndProject
Project("{FAE04EC0-301F-11D3-BF4B-00C04F79EFBC}") = "Transport.Kafka", "Agents\Transport.Kafka\Transport.Kafka.csproj", "{37DA2685-66AF-42E0-892D-2C3B7AA2D8E5}"
EndProject
Project("{FAE04EC0-301F-11D3-BF4B-00C04F79EFBC}") = "Transport.KubeMq", "Agents\Transport.KubeMq\Transport.KubeMq.csproj", "{BA40C825-D577-4F53-AD05-8E58EEBFE94E}"
EndProject
Project("{FAE04EC0-301F-11D3-BF4B-00C04F79EFBC}") = "DocumentSplitterAgent", "Agents\DocumentSplitterAgent\DocumentSplitterAgent.csproj", "{1F1C62D8-106C-4753-8AD8-5799DD486120}"
EndProject
Project("{2150E333-8FDC-42A3-9474-1A3956D46DE8}") = "Implementations", "Implementations", "{6F008EB8-4A85-4A47-9A41-11305F58E6E6}"
EndProject
Project("{FAE04EC0-301F-11D3-BF4B-00C04F79EFBC}") = "FileWorkerAgent", "Agents\FileWorkerAgent\FileWorkerAgent.csproj", "{FC2DEB58-CE74-48E9-8CF2-426EEACA3242}"
EndProject
Project("{2150E333-8FDC-42A3-9474-1A3956D46DE8}") = "Tests", "Tests", "{62536469-5CA7-46C2-8C8D-B9CAC9E88B81}"
EndProject
Project("{FAE04EC0-301F-11D3-BF4B-00C04F79EFBC}") = "AgentImplTests", "Agents\Tests\AgentImplTests\AgentImplTests.csproj", "{CBF9E519-9F84-4327-80D2-7BD7F331A096}"
EndProject
Project("{FAE04EC0-301F-11D3-BF4B-00C04F79EFBC}") = "DbWorkerAgent", "Agents\DbWorkerAgent\DbWorkerAgent.csproj", "{8F07F8B5-BAAF-4119-9293-D17461DDB343}"
EndProject
Global
	GlobalSection(SolutionConfigurationPlatforms) = preSolution
		Debug|Any CPU = Debug|Any CPU
		Release|Any CPU = Release|Any CPU
	EndGlobalSection
	GlobalSection(ProjectConfigurationPlatforms) = postSolution
		{A82087E8-9B8D-4F67-9CDE-333A74DA8080}.Debug|Any CPU.ActiveCfg = Debug|Any CPU
		{A82087E8-9B8D-4F67-9CDE-333A74DA8080}.Debug|Any CPU.Build.0 = Debug|Any CPU
		{A82087E8-9B8D-4F67-9CDE-333A74DA8080}.Release|Any CPU.ActiveCfg = Release|Any CPU
		{A82087E8-9B8D-4F67-9CDE-333A74DA8080}.Release|Any CPU.Build.0 = Release|Any CPU
		{89937B1E-DBF2-49C7-A339-9AF303657F93}.Debug|Any CPU.ActiveCfg = Debug|Any CPU
		{89937B1E-DBF2-49C7-A339-9AF303657F93}.Debug|Any CPU.Build.0 = Debug|Any CPU
		{89937B1E-DBF2-49C7-A339-9AF303657F93}.Release|Any CPU.ActiveCfg = Release|Any CPU
		{89937B1E-DBF2-49C7-A339-9AF303657F93}.Release|Any CPU.Build.0 = Release|Any CPU
		{480ABC12-56A1-40F7-8F93-486DE68D6716}.Debug|Any CPU.ActiveCfg = Debug|Any CPU
		{480ABC12-56A1-40F7-8F93-486DE68D6716}.Debug|Any CPU.Build.0 = Debug|Any CPU
		{480ABC12-56A1-40F7-8F93-486DE68D6716}.Release|Any CPU.ActiveCfg = Release|Any CPU
		{480ABC12-56A1-40F7-8F93-486DE68D6716}.Release|Any CPU.Build.0 = Release|Any CPU
		{94A42D20-9A05-4DD8-BED8-1C9A0252B27E}.Debug|Any CPU.ActiveCfg = Debug|Any CPU
		{94A42D20-9A05-4DD8-BED8-1C9A0252B27E}.Debug|Any CPU.Build.0 = Debug|Any CPU
		{94A42D20-9A05-4DD8-BED8-1C9A0252B27E}.Release|Any CPU.ActiveCfg = Release|Any CPU
		{94A42D20-9A05-4DD8-BED8-1C9A0252B27E}.Release|Any CPU.Build.0 = Release|Any CPU
		{5C3DB2B0-045F-455F-9579-ECBC7873673E}.Debug|Any CPU.ActiveCfg = Debug|Any CPU
		{5C3DB2B0-045F-455F-9579-ECBC7873673E}.Debug|Any CPU.Build.0 = Debug|Any CPU
		{5C3DB2B0-045F-455F-9579-ECBC7873673E}.Release|Any CPU.ActiveCfg = Release|Any CPU
		{5C3DB2B0-045F-455F-9579-ECBC7873673E}.Release|Any CPU.Build.0 = Release|Any CPU
		{78E2E65C-48DA-478E-8B10-BF8216AD20A3}.Debug|Any CPU.ActiveCfg = Debug|Any CPU
		{78E2E65C-48DA-478E-8B10-BF8216AD20A3}.Debug|Any CPU.Build.0 = Debug|Any CPU
		{78E2E65C-48DA-478E-8B10-BF8216AD20A3}.Release|Any CPU.ActiveCfg = Release|Any CPU
		{78E2E65C-48DA-478E-8B10-BF8216AD20A3}.Release|Any CPU.Build.0 = Release|Any CPU
		{D2415A9E-33F0-48F2-A26A-EF4A2FE0B9EB}.Debug|Any CPU.ActiveCfg = Debug|Any CPU
		{D2415A9E-33F0-48F2-A26A-EF4A2FE0B9EB}.Debug|Any CPU.Build.0 = Debug|Any CPU
		{D2415A9E-33F0-48F2-A26A-EF4A2FE0B9EB}.Release|Any CPU.ActiveCfg = Release|Any CPU
		{D2415A9E-33F0-48F2-A26A-EF4A2FE0B9EB}.Release|Any CPU.Build.0 = Release|Any CPU
		{911BEB3F-E665-4B71-8DAC-14B745272988}.Debug|Any CPU.ActiveCfg = Debug|Any CPU
		{911BEB3F-E665-4B71-8DAC-14B745272988}.Debug|Any CPU.Build.0 = Debug|Any CPU
		{911BEB3F-E665-4B71-8DAC-14B745272988}.Release|Any CPU.ActiveCfg = Release|Any CPU
		{911BEB3F-E665-4B71-8DAC-14B745272988}.Release|Any CPU.Build.0 = Release|Any CPU
		{A35FAECB-C3B0-4500-9DC7-FD6C6A3CFEFB}.Debug|Any CPU.ActiveCfg = Debug|Any CPU
		{A35FAECB-C3B0-4500-9DC7-FD6C6A3CFEFB}.Debug|Any CPU.Build.0 = Debug|Any CPU
		{A35FAECB-C3B0-4500-9DC7-FD6C6A3CFEFB}.Release|Any CPU.ActiveCfg = Release|Any CPU
		{A35FAECB-C3B0-4500-9DC7-FD6C6A3CFEFB}.Release|Any CPU.Build.0 = Release|Any CPU
		{37DA2685-66AF-42E0-892D-2C3B7AA2D8E5}.Debug|Any CPU.ActiveCfg = Debug|Any CPU
		{37DA2685-66AF-42E0-892D-2C3B7AA2D8E5}.Debug|Any CPU.Build.0 = Debug|Any CPU
		{37DA2685-66AF-42E0-892D-2C3B7AA2D8E5}.Release|Any CPU.ActiveCfg = Release|Any CPU
		{37DA2685-66AF-42E0-892D-2C3B7AA2D8E5}.Release|Any CPU.Build.0 = Release|Any CPU
		{BA40C825-D577-4F53-AD05-8E58EEBFE94E}.Debug|Any CPU.ActiveCfg = Debug|Any CPU
		{BA40C825-D577-4F53-AD05-8E58EEBFE94E}.Debug|Any CPU.Build.0 = Debug|Any CPU
		{BA40C825-D577-4F53-AD05-8E58EEBFE94E}.Release|Any CPU.ActiveCfg = Release|Any CPU
		{BA40C825-D577-4F53-AD05-8E58EEBFE94E}.Release|Any CPU.Build.0 = Release|Any CPU
		{1F1C62D8-106C-4753-8AD8-5799DD486120}.Debug|Any CPU.ActiveCfg = Debug|Any CPU
		{1F1C62D8-106C-4753-8AD8-5799DD486120}.Debug|Any CPU.Build.0 = Debug|Any CPU
		{1F1C62D8-106C-4753-8AD8-5799DD486120}.Release|Any CPU.ActiveCfg = Release|Any CPU
		{1F1C62D8-106C-4753-8AD8-5799DD486120}.Release|Any CPU.Build.0 = Release|Any CPU
		{FC2DEB58-CE74-48E9-8CF2-426EEACA3242}.Debug|Any CPU.ActiveCfg = Debug|Any CPU
		{FC2DEB58-CE74-48E9-8CF2-426EEACA3242}.Debug|Any CPU.Build.0 = Debug|Any CPU
		{FC2DEB58-CE74-48E9-8CF2-426EEACA3242}.Release|Any CPU.ActiveCfg = Release|Any CPU
		{FC2DEB58-CE74-48E9-8CF2-426EEACA3242}.Release|Any CPU.Build.0 = Release|Any CPU
		{CBF9E519-9F84-4327-80D2-7BD7F331A096}.Debug|Any CPU.ActiveCfg = Debug|Any CPU
		{CBF9E519-9F84-4327-80D2-7BD7F331A096}.Debug|Any CPU.Build.0 = Debug|Any CPU
		{CBF9E519-9F84-4327-80D2-7BD7F331A096}.Release|Any CPU.ActiveCfg = Release|Any CPU
		{CBF9E519-9F84-4327-80D2-7BD7F331A096}.Release|Any CPU.Build.0 = Release|Any CPU
		{8F07F8B5-BAAF-4119-9293-D17461DDB343}.Debug|Any CPU.ActiveCfg = Debug|Any CPU
		{8F07F8B5-BAAF-4119-9293-D17461DDB343}.Debug|Any CPU.Build.0 = Debug|Any CPU
		{8F07F8B5-BAAF-4119-9293-D17461DDB343}.Release|Any CPU.ActiveCfg = Release|Any CPU
		{8F07F8B5-BAAF-4119-9293-D17461DDB343}.Release|Any CPU.Build.0 = Release|Any CPU
	EndGlobalSection
	GlobalSection(SolutionProperties) = preSolution
		HideSolutionNode = FALSE
	EndGlobalSection
	GlobalSection(ExtensibilityGlobals) = postSolution
		SolutionGuid = {8A0526BF-E896-438B-9227-DB8E00BC293D}
	EndGlobalSection
	GlobalSection(NestedProjects) = preSolution
		{94A42D20-9A05-4DD8-BED8-1C9A0252B27E} = {012B10D5-316D-4753-9F79-37F5A1F6FE27}
		{78E2E65C-48DA-478E-8B10-BF8216AD20A3} = {012B10D5-316D-4753-9F79-37F5A1F6FE27}
		{A35FAECB-C3B0-4500-9DC7-FD6C6A3CFEFB} = {012B10D5-316D-4753-9F79-37F5A1F6FE27}
		{37DA2685-66AF-42E0-892D-2C3B7AA2D8E5} = {012B10D5-316D-4753-9F79-37F5A1F6FE27}
		{BA40C825-D577-4F53-AD05-8E58EEBFE94E} = {012B10D5-316D-4753-9F79-37F5A1F6FE27}
		{6F008EB8-4A85-4A47-9A41-11305F58E6E6} = {012B10D5-316D-4753-9F79-37F5A1F6FE27}
		{911BEB3F-E665-4B71-8DAC-14B745272988} = {6F008EB8-4A85-4A47-9A41-11305F58E6E6}
		{1F1C62D8-106C-4753-8AD8-5799DD486120} = {6F008EB8-4A85-4A47-9A41-11305F58E6E6}
		{D2415A9E-33F0-48F2-A26A-EF4A2FE0B9EB} = {6F008EB8-4A85-4A47-9A41-11305F58E6E6}
		{FC2DEB58-CE74-48E9-8CF2-426EEACA3242} = {6F008EB8-4A85-4A47-9A41-11305F58E6E6}
		{62536469-5CA7-46C2-8C8D-B9CAC9E88B81} = {012B10D5-316D-4753-9F79-37F5A1F6FE27}
		{CBF9E519-9F84-4327-80D2-7BD7F331A096} = {62536469-5CA7-46C2-8C8D-B9CAC9E88B81}
		{8F07F8B5-BAAF-4119-9293-D17461DDB343} = {6F008EB8-4A85-4A47-9A41-11305F58E6E6}
	EndGlobalSection
EndGlobal
